
Microsoft Visual Studio Solution File, Format Version 12.00
# Visual Studio Version 17
VisualStudioVersion = 17.8.34309.116
MinimumVisualStudioVersion = 10.0.40219.1
Project("{9A19103F-16F7-4668-BE54-9A1E7A4F7556}") = "Store", "Store.csproj", "{005EB475-461E-4067-9F50-B57163BE170D}"
EndProject
Global
	GlobalSection(SolutionConfigurationPlatforms) = preSolution
		Debug|Any CPU = Debug|Any CPU
		Release|Any CPU = Release|Any CPU
	EndGlobalSection
	GlobalSection(ProjectConfigurationPlatforms) = postSolution
		{005EB475-461E-4067-9F50-B57163BE170D}.Debug|Any CPU.ActiveCfg = Debug|Any CPU
		{005EB475-461E-4067-9F50-B57163BE170D}.Debug|Any CPU.Build.0 = Debug|Any CPU
		{005EB475-461E-4067-9F50-B57163BE170D}.Release|Any CPU.ActiveCfg = Release|Any CPU
		{005EB475-461E-4067-9F50-B57163BE170D}.Release|Any CPU.Build.0 = Release|Any CPU
	EndGlobalSection
	GlobalSection(SolutionProperties) = preSolution
		HideSolutionNode = FALSE
	EndGlobalSection
	GlobalSection(ExtensibilityGlobals) = postSolution
		SolutionGuid = {9156C978-B186-465F-8705-2A01CBA78F06}
	EndGlobalSection
EndGlobal
